PODS:
  - Alamofire (4.9.1)
  - AlamofireImage (3.6.0):
    - Alamofire (~> 4.9)
  - EVReflection (5.10.1):
    - EVReflection/Core (= 5.10.1)
  - EVReflection/Core (5.10.1)
  - MBProgressHUD (1.2.0)

DEPENDENCIES:
  - Alamofire (~> 4.9.1)
  - AlamofireImage
  - EVReflection
  - MBProgressHUD

SPEC REPOS:
  trunk:
    - Alamofire
    - AlamofireImage
    - EVReflection
    - MBProgressHUD

SPEC CHECKSUMS:
  Alamofire: 85e8a02c69d6020a0d734f6054870d7ecb75cf18
  AlamofireImage: be9963c6582d68b39e89191f64c82a7d7bf40fdd
  EVReflection: 8124de482178d34ccd56473e16cd95990f9a1113
  MBProgressHUD: 3ee5efcc380f6a79a7cc9b363dd669c5e1ae7406

PODFILE CHECKSUM: 70cec65f27672f96063fa8a3a3a9b0572c1f0857

COCOAPODS: 1.8.4
