PODS:
  - Alamofire (4.7.3)
  - AlamofireImage (3.4.1):
    - Alamofire (~> 4.7)
  - EVReflection (5.10.1):
    - EVReflection/Core (= 5.10.1)
  - EVReflection/Core (5.10.1)
  - MBProgressHUD (1.0.0)

DEPENDENCIES:
  - Alamofire (~> 4.7.3)
  - AlamofireImage (~> 3.4.1)
  - EVReflection (~> 5.10.1)
  - MBProgressHUD (~> 1.0.0)

SPEC REPOS:
  trunk:
    - Alamofire
    - AlamofireImage
    - EVReflection
    - MBProgressHUD

SPEC CHECKSUMS:
  Alamofire: c7287b6e5d7da964a70935e5db17046b7fde6568
  AlamofireImage: 78d67ccbb763d87ba44b21583d2153500a195630
  EVReflection: 8124de482178d34ccd56473e16cd95990f9a1113
  MBProgressHUD: 4890f671c94e8a0f3cf959aa731e9de2f036d71a

PODFILE CHECKSUM: 8a46e8f7ea09b835b3bc5594410c594d52f36b53

COCOAPODS: 1.8.4
